
Microsoft Visual Studio Solution File, Format Version 12.00
# Visual Studio Version 17
VisualStudioVersion = 17.8.34330.188
MinimumVisualStudioVersion = 10.0.40219.1
Project("{888888A0-9F3D-457C-B088-3A5042F75D52}") = "项目创建", "项目创建.pyproj", "{A318387A-2E83-4787-A5B3-0C2869D703B6}"
EndProject
Global
	GlobalSection(SolutionConfigurationPlatforms) = preSolution
		Debug|Any CPU = Debug|Any CPU
		Release|Any CPU = Release|Any CPU
	EndGlobalSection
	GlobalSection(ProjectConfigurationPlatforms) = postSolution
		{A318387A-2E83-4787-A5B3-0C2869D703B6}.Debug|Any CPU.ActiveCfg = Debug|Any CPU
		{A318387A-2E83-4787-A5B3-0C2869D703B6}.Release|Any CPU.ActiveCfg = Release|Any CPU
	EndGlobalSection
	GlobalSection(SolutionProperties) = preSolution
		HideSolutionNode = FALSE
	EndGlobalSection
	GlobalSection(ExtensibilityGlobals) = postSolution
		SolutionGuid = {DFE0D2B4-03E1-4502-BC45-D944AAA534BB}
	EndGlobalSection
EndGlobal
